// !$*UTF8*$!
{
	archiveVersion = 1;
	classes = {
	};
	objectVersion = 46;
	objects = {

/* Begin PBXBuildFile section */
		C72960631E283A230046B59E /* AppDelegate.swift in Sources */ = {isa = PBXBuildFile; fileRef = C72960621E283A230046B59E /* AppDelegate.swift */; };
		C72960651E283A230046B59E /* ViewController.swift in Sources */ = {isa = PBXBuildFile; fileRef = C72960641E283A230046B59E /* ViewController.swift */; };
		C72960681E283A230046B59E /* Main.storyboard in Resources */ = {isa = PBXBuildFile; fileRef = C72960661E283A230046B59E /* Main.storyboard */; };
		C729606A1E283A230046B59E /* Assets.xcassets in Resources */ = {isa = PBXBuildFile; fileRef = C72960691E283A230046B59E /* Assets.xcassets */; };
		C729606D1E283A230046B59E /* LaunchScreen.storyboard in Resources */ = {isa = PBXBuildFile; fileRef = C729606B1E283A230046B59E /* LaunchScreen.storyboard */; };
/* End PBXBuildFile section */

/* Begin PBXFileReference section */
		C729605F1E283A230046B59E /* StorySmartiesGames.app */ = {isa = PBXFileReference; explicitFileType = wrapper.application; includeInIndex = 0; path = StorySmartiesGames.app; sourceTree = BUILT_PRODUCTS_DIR; };
		C72960621E283A230046B59E /* AppDelegate.swift */ = {isa = PBXFileReference; lastKnownFileType = sourcecode.swift; path = AppDelegate.swift; sourceTree = "<group>"; };
		C72960641E283A230046B59E /* ViewController.swift */ = {isa = PBXFileReference; lastKnownFileType = sourcecode.swift; path = ViewController.swift; sourceTree = "<group>"; };
		C72960671E283A230046B59E /* Base */ = {isa = PBXFileReference; lastKnownFileType = file.storyboard; name = Base; path = Base.lproj/Main.storyboard; sourceTree = "<group>"; };
		C72960691E283A230046B59E /* Assets.xcassets */ = {isa = PBXFileReference; lastKnownFileType = folder.assetcatalog; path = Assets.xcassets; sourceTree = "<group>"; };
		C729606C1E283A230046B59E /* Base */ = {isa = PBXFileReference; lastKnownFileType = file.storyboard; name = Base; path = Base.lproj/LaunchScreen.storyboard; sourceTree = "<group>"; };
		C729606E1E283A230046B59E /* Info.plist */ = {isa = PBXFileReference; lastKnownFileType = text.plist.xml; path = Info.plist; sourceTree = "<group>"; };
/* End PBXFileReference section */

/* Begin PBXFrameworksBuildPhase section */
		C729605C1E283A230046B59E /* Frameworks */ = {
			isa = PBXFrameworksBuildPhase;
			buildActionMask = 2147483647;
			files = (
			);
			runOnlyForDeploymentPostprocessing = 0;
		};
/* End PBXFrameworksBuildPhase section */

/* Begin PBXGroup section */
		C72960561E283A230046B59E = {
			isa = PBXGroup;
			children = (
				C72960611E283A230046B59E /* StorySmartiesGames */,
				C72960601E283A230046B59E /* Products */,
			);
			sourceTree = "<group>";
		};
		C72960601E283A230046B59E /* Products */ = {
			isa = PBXGroup;
			children = (
				C729605F1E283A230046B59E /* StorySmartiesGames.app */,
			);
			name = Products;
			sourceTree = "<group>";
		};
		C72960611E283A230046B59E /* StorySmartiesGames */ = {
			isa = PBXGroup;
			children = (
				C72960621E283A230046B59E /* AppDelegate.swift */,
				C72960641E283A230046B59E /* ViewController.swift */,
				C72960661E283A230046B59E /* Main.storyboard */,
				C72960691E283A230046B59E /* Assets.xcassets */,
				C729606B1E283A230046B59E /* LaunchScreen.storyboard */,
				C729606E1E283A230046B59E /* Info.plist */,
			);
			path = StorySmartiesGames;
			sourceTree = "<group>";
		};
/* End PBXGroup section */

/* Begin PBXNativeTarget section */
		C729605E1E283A230046B59E /* StorySmartiesGames */ = {
			isa = PBXNativeTarget;
			buildConfigurationList = C72960711E283A230046B59E /* Build configuration list for PBXNativeTarget "StorySmartiesGames" */;
			buildPhases = (
				C729605B1E283A230046B59E /* Sources */,
				C729605C1E283A230046B59E /* Frameworks */,
				C729605D1E283A230046B59E /* Resources */,
			);
			buildRules = (
			);
			dependencies = (
			);
			name = StorySmartiesGames;
			productName = StorySmartiesGames;
			productReference = C729605F1E283A230046B59E /* StorySmartiesGames.app */;
			productType = "com.apple.product-type.application";
		};
/* End PBXNativeTarget section */

/* Begin PBXProject section */
		C72960571E283A230046B59E /* Project object */ = {
			isa = PBXProject;
			attributes = {
				LastSwiftUpdateCheck = 0820;
				LastUpgradeCheck = 0820;
				ORGANIZATIONNAME = "GEORGE QUENTIN";
				TargetAttributes = {
					C729605E1E283A230046B59E = {
						CreatedOnToolsVersion = 8.2;
						ProvisioningStyle = Automatic;
					};
				};
			};
			buildConfigurationList = C729605A1E283A230046B59E /* Build configuration list for PBXProject "StorySmartiesGames" */;
			compatibilityVersion = "Xcode 3.2";
			developmentRegion = English;
			hasScannedForEncodings = 0;
			knownRegions = (
				en,
				Base,
			);
			mainGroup = C72960561E283A230046B59E;
			productRefGroup = C72960601E283A230046B59E /* Products */;
			projectDirPath = "";
			projectRoot = "";
			targets = (
				C729605E1E283A230046B59E /* StorySmartiesGames */,
			);
		};
/* End PBXProject section */

/* Begin PBXResourcesBuildPhase section */
		C729605D1E283A230046B59E /* Resources */ = {
			isa = PBXResourcesBuildPhase;
			buildActionMask = 2147483647;
			files = (
				C729606D1E283A230046B59E /* LaunchScreen.storyboard in Resources */,
				C729606A1E283A230046B59E /* Assets.xcassets in Resources */,
				C72960681E283A230046B59E /* Main.storyboard in Resources */,
			);
			runOnlyForDeploymentPostprocessing = 0;
		};
/* End PBXResourcesBuildPhase section */

/* Begin PBXSourcesBuildPhase section */
		C729605B1E283A230046B59E /* Sources */ = {
			isa = PBXSourcesBuildPhase;
			buildActionMask = 2147483647;
			files = (
				C72960651E283A230046B59E /* ViewController.swift in Sources */,
				C72960631E283A230046B59E /* AppDelegate.swift in Sources */,
			);
			runOnlyForDeploymentPostprocessing = 0;
		};
/* End PBXSourcesBuildPhase section */

/* Begin PBXVariantGroup section */
		C72960661E283A230046B59E /* Main.storyboard */ = {
			isa = PBXVariantGroup;
			children = (
				C72960671E283A230046B59E /* Base */,
			);
			name = Main.storyboard;
			sourceTree = "<group>";
		};
		C729606B1E283A230046B59E /* LaunchScreen.storyboard */ = {
			isa = PBXVariantGroup;
			children = (
				C729606C1E283A230046B59E /* Base */,
			);
			name = LaunchScreen.storyboard;
			sourceTree = "<group>";
		};
/* End PBXVariantGroup section */

/* Begin XCBuildConfiguration section */
		C729606F1E283A230046B59E /* Debug */ = {
			isa = XCBuildConfiguration;
			buildSettings = {
				ALWAYS_SEARCH_USER_PATHS = NO;
				CLANG_ANALYZER_NONNULL = YES;
				CLANG_CXX_LANGUAGE_STANDARD = "gnu++0x";
				CLANG_CXX_LIBRARY = "libc++";
				CLANG_ENABLE_MODULES = YES;
				CLANG_ENABLE_OBJC_ARC = YES;
				CLANG_WARN_BOOL_CONVERSION = YES;
				CLANG_WARN_CONSTANT_CONVERSION = YES;
				CLANG_WARN_DIRECT_OBJC_ISA_USAGE = YES_ERROR;
				CLANG_WARN_DOCUMENTATION_COMMENTS = YES;
				CLANG_WARN_EMPTY_BODY = YES;
				CLANG_WARN_ENUM_CONVERSION = YES;
				CLANG_WARN_INFINITE_RECURSION = YES;
				CLANG_WARN_INT_CONVERSION = YES;
				CLANG_WARN_OBJC_ROOT_CLASS = YES_ERROR;
				CLANG_WARN_SUSPICIOUS_MOVE = YES;
				CLANG_WARN_UNREACHABLE_CODE = YES;
				CLANG_WARN__DUPLICATE_METHOD_MATCH = YES;
				"CODE_SIGN_IDENTITY[sdk=iphoneos*]" = "iPhone Developer";
				COPY_PHASE_STRIP = NO;
				DEBUG_INFORMATION_FORMAT = dwarf;
				ENABLE_STRICT_OBJC_MSGSEND = YES;
				ENABLE_TESTABILITY = YES;
				GCC_C_LANGUAGE_STANDARD = gnu99;
				GCC_DYNAMIC_NO_PIC = NO;
				GCC_NO_COMMON_BLOCKS = YES;
				GCC_OPTIMIZATION_LEVEL = 0;
				GCC_PREPROCESSOR_DEFINITIONS = (
					"DEBUG=1",
					"$(inherited)",
				);
				GCC_WARN_64_TO_32_BIT_CONVERSION = YES;
				GCC_WARN_ABOUT_RETURN_TYPE = YES_ERROR;
				GCC_WARN_UNDECLARED_SELECTOR = YES;
				GCC_WARN_UNINITIALIZED_AUTOS = YES_AGGRESSIVE;
				GCC_WARN_UNUSED_FUNCTION = YES;
				GCC_WARN_UNUSED_VARIABLE = YES;
				IPHONEOS_DEPLOYMENT_TARGET = 10.2;
				MTL_ENABLE_DEBUG_INFO = YES;
				ONLY_ACTIVE_ARCH = YES;
				SDKROOT = iphoneos;
				SWIFT_ACTIVE_COMPILATION_CONDITIONS = DEBUG;
				SWIFT_OPTIMIZATION_LEVEL = "-Onone";
			};
			name = Debug;
		};
		C72960701E283A230046B59E /* Release */ = {
			isa = XCBuildConfiguration;
			buildSettings = {
				ALWAYS_SEARCH_USER_PATHS = NO;
				CLANG_ANALYZER_NONNULL = YES;
				CLANG_CXX_LANGUAGE_STANDARD = "gnu++0x";
				CLANG_CXX_LIBRARY = "libc++";
				CLANG_ENABLE_MODULES = YES;
				CLANG_ENABLE_OBJC_ARC = YES;
				CLANG_WARN_BOOL_CONVERSION = YES;
				CLANG_WARN_CONSTANT_CONVERSION = YES;
				CLANG_WARN_DIRECT_OBJC_ISA_USAGE = YES_ERROR;
				CLANG_WARN_DOCUMENTATION_COMMENTS = YES;
				CLANG_WARN_EMPTY_BODY = YES;
				CLANG_WARN_ENUM_CONVERSION = YES;
				CLANG_WARN_INFINITE_RECURSION = YES;
				CLANG_WARN_INT_CONVERSION = YES;
				CLANG_WARN_OBJC_ROOT_CLASS = YES_ERROR;
				CLANG_WARN_SUSPICIOUS_MOVE = YES;
				CLANG_WARN_UNREACHABLE_CODE = YES;
				CLANG_WARN__DUPLICATE_METHOD_MATCH = YES;
				"CODE_SIGN_IDENTITY[sdk=iphoneos*]" = "iPhone Developer";
				COPY_PHASE_STRIP = NO;
				DEBUG_INFORMATION_FORMAT = "dwarf-with-dsym";
				ENABLE_NS_ASSERTIONS = NO;
				ENABLE_STRICT_OBJC_MSGSEND = YES;
				GCC_C_LANGUAGE_STANDARD = gnu99;
				GCC_NO_COMMON_BLOCKS = YES;
				GCC_WARN_64_TO_32_BIT_CONVERSION = YES;
				GCC_WARN_ABOUT_RETURN_TYPE = YES_ERROR;
				GCC_WARN_UNDECLARED_SELECTOR = YES;
				GCC_WARN_UNINITIALIZED_AUTOS = YES_AGGRESSIVE;
				GCC_WARN_UNUSED_FUNCTION = YES;
				GCC_WARN_UNUSED_VARIABLE = YES;
				IPHONEOS_DEPLOYMENT_TARGET = 10.2;
				MTL_ENABLE_DEBUG_INFO = NO;
				SDKROOT = iphoneos;
				SWIFT_OPTIMIZATION_LEVEL = "-Owholemodule";
				VALIDATE_PRODUCT = YES;
			};
			name = Release;
		};
		C72960721E283A230046B59E /* Debug */ = {
			isa = XCBuildConfiguration;
			buildSettings = {
				ASSETCATALOG_COMPILER_APPICON_NAME = AppIcon;
				INFOPLIST_FILE = StorySmartiesGames/Info.plist;
				LD_RUNPATH_SEARCH_PATHS = "$(inherited) @executable_path/Frameworks";
				PRODUCT_BUNDLE_IDENTIFIER = com.StorySmartiesGames;
				PRODUCT_NAME = "$(TARGET_NAME)";
				SWIFT_VERSION = 3.0;
			};
			name = Debug;
		};
		C72960731E283A230046B59E /* Release */ = {
			isa = XCBuildConfiguration;
			buildSettings = {
				ASSETCATALOG_COMPILER_APPICON_NAME = AppIcon;
				INFOPLIST_FILE = StorySmartiesGames/Info.plist;
				LD_RUNPATH_SEARCH_PATHS = "$(inherited) @executable_path/Frameworks";
				PRODUCT_BUNDLE_IDENTIFIER = com.StorySmartiesGames;
				PRODUCT_NAME = "$(TARGET_NAME)";
				SWIFT_VERSION = 3.0;
			};
			name = Release;
		};
/* End XCBuildConfiguration section */

/* Begin XCConfigurationList section */
		C729605A1E283A230046B59E /* Build configuration list for PBXProject "StorySmartiesGames" */ = {
			isa = XCConfigurationList;
			buildConfigurations = (
				C729606F1E283A230046B59E /* Debug */,
				C72960701E283A230046B59E /* Release */,
			);
			defaultConfigurationIsVisible = 0;
			defaultConfigurationName = Release;
		};
		C72960711E283A230046B59E /* Build configuration list for PBXNativeTarget "StorySmartiesGames" */ = {
			isa = XCConfigurationList;
			buildConfigurations = (
				C72960721E283A230046B59E /* Debug */,
				C72960731E283A230046B59E /* Release */,
			);
			defaultConfigurationIsVisible = 0;
		};
/* End XCConfigurationList section */
	};
	rootObject = C72960571E283A230046B59E /* Project object */;
}
